
Microsoft Visual Studio Solution File, Format Version 12.00
# Visual Studio 14
VisualStudioVersion = 14.0.23107.0
MinimumVisualStudioVersion = 10.0.40219.1
Project("{FAE04EC0-301F-11D3-BF4B-00C04F79EFBC}") = "HealthyKid", "HealthyKid\HealthyKid.csproj", "{FFE07035-206D-42D4-9560-3A1A39DD8CAD}"
EndProject
Global
	GlobalSection(SolutionConfigurationPlatforms) = preSolution
		Debug|Any CPU = Debug|Any CPU
		Debug|ARM = Debug|ARM
		Debug|x86 = Debug|x86
		Release|Any CPU = Release|Any CPU
		Release|ARM = Release|ARM
		Release|x86 = Release|x86
	EndGlobalSection
	GlobalSection(ProjectConfigurationPlatforms) = postSolution
		{FFE07035-206D-42D4-9560-3A1A39DD8CAD}.Debug|Any CPU.ActiveCfg = Debug|Any CPU
		{FFE07035-206D-42D4-9560-3A1A39DD8CAD}.Debug|Any CPU.Build.0 = Debug|Any CPU
		{FFE07035-206D-42D4-9560-3A1A39DD8CAD}.Debug|Any CPU.Deploy.0 = Debug|Any CPU
		{FFE07035-206D-42D4-9560-3A1A39DD8CAD}.Debug|ARM.ActiveCfg = Debug|ARM
		{FFE07035-206D-42D4-9560-3A1A39DD8CAD}.Debug|ARM.Build.0 = Debug|ARM
		{FFE07035-206D-42D4-9560-3A1A39DD8CAD}.Debug|ARM.Deploy.0 = Debug|ARM
		{FFE07035-206D-42D4-9560-3A1A39DD8CAD}.Debug|x86.ActiveCfg = Debug|x86
		{FFE07035-206D-42D4-9560-3A1A39DD8CAD}.Debug|x86.Build.0 = Debug|x86
		{FFE07035-206D-42D4-9560-3A1A39DD8CAD}.Debug|x86.Deploy.0 = Debug|x86
		{FFE07035-206D-42D4-9560-3A1A39DD8CAD}.Release|Any CPU.ActiveCfg = Release|Any CPU
		{FFE07035-206D-42D4-9560-3A1A39DD8CAD}.Release|Any CPU.Build.0 = Release|Any CPU
		{FFE07035-206D-42D4-9560-3A1A39DD8CAD}.Release|Any CPU.Deploy.0 = Release|Any CPU
		{FFE07035-206D-42D4-9560-3A1A39DD8CAD}.Release|ARM.ActiveCfg = Release|ARM
		{FFE07035-206D-42D4-9560-3A1A39DD8CAD}.Release|ARM.Build.0 = Release|ARM
		{FFE07035-206D-42D4-9560-3A1A39DD8CAD}.Release|ARM.Deploy.0 = Release|ARM
		{FFE07035-206D-42D4-9560-3A1A39DD8CAD}.Release|x86.ActiveCfg = Release|x86
		{FFE07035-206D-42D4-9560-3A1A39DD8CAD}.Release|x86.Build.0 = Release|x86
		{FFE07035-206D-42D4-9560-3A1A39DD8CAD}.Release|x86.Deploy.0 = Release|x86
	EndGlobalSection
	GlobalSection(SolutionProperties) = preSolution
		HideSolutionNode = FALSE
	EndGlobalSection
EndGlobal
